
Microsoft Visual Studio Solution File, Format Version 12.00
# Visual Studio 2012
Project("{FAE04EC0-301F-11D3-BF4B-00C04F79EFBC}") = "DataEstate.Payment", "DataEstate.Payment\DataEstate.Payment.csproj", "{9E700F88-44BD-45B0-9C2E-685582CD4308}"
EndProject
Project("{FAE04EC0-301F-11D3-BF4B-00C04F79EFBC}") = "DataEstate.Stripe", "DataEstate.Stripe\DataEstate.Stripe.csproj", "{F8C80140-F39C-48C3-BFB5-A4E793D380E6}"
EndProject
Project("{FAE04EC0-301F-11D3-BF4B-00C04F79EFBC}") = "DataEstate.Auth", "DataEstate.Auth\DataEstate.Auth.csproj", "{8FA92403-A0D4-4B1C-AF8B-125CA8F6B8F7}"
EndProject
Global
	GlobalSection(SolutionConfigurationPlatforms) = preSolution
		Debug|Any CPU = Debug|Any CPU
		Release|Any CPU = Release|Any CPU
	EndGlobalSection
	GlobalSection(ProjectConfigurationPlatforms) = postSolution
		{9E700F88-44BD-45B0-9C2E-685582CD4308}.Debug|Any CPU.ActiveCfg = Debug|Any CPU
		{9E700F88-44BD-45B0-9C2E-685582CD4308}.Debug|Any CPU.Build.0 = Debug|Any CPU
		{9E700F88-44BD-45B0-9C2E-685582CD4308}.Release|Any CPU.ActiveCfg = Release|Any CPU
		{9E700F88-44BD-45B0-9C2E-685582CD4308}.Release|Any CPU.Build.0 = Release|Any CPU
		{F8C80140-F39C-48C3-BFB5-A4E793D380E6}.Debug|Any CPU.ActiveCfg = Debug|Any CPU
		{F8C80140-F39C-48C3-BFB5-A4E793D380E6}.Debug|Any CPU.Build.0 = Debug|Any CPU
		{F8C80140-F39C-48C3-BFB5-A4E793D380E6}.Release|Any CPU.ActiveCfg = Release|Any CPU
		{F8C80140-F39C-48C3-BFB5-A4E793D380E6}.Release|Any CPU.Build.0 = Release|Any CPU
		{8FA92403-A0D4-4B1C-AF8B-125CA8F6B8F7}.Debug|Any CPU.ActiveCfg = Debug|Any CPU
		{8FA92403-A0D4-4B1C-AF8B-125CA8F6B8F7}.Debug|Any CPU.Build.0 = Debug|Any CPU
		{8FA92403-A0D4-4B1C-AF8B-125CA8F6B8F7}.Release|Any CPU.ActiveCfg = Release|Any CPU
		{8FA92403-A0D4-4B1C-AF8B-125CA8F6B8F7}.Release|Any CPU.Build.0 = Release|Any CPU
	EndGlobalSection
EndGlobal
